
Microsoft Visual Studio Solution File, Format Version 12.00
# Visual Studio 15
VisualStudioVersion = 15.0.28307.136
MinimumVisualStudioVersion = 10.0.40219.1
Project("{FAE04EC0-301F-11D3-BF4B-00C04F79EFBC}") = "DevOpsPortal.Web", "DevOpsPortal.Web\DevOpsPortal.Web.csproj", "{FD95DAE2-D547-42D4-A874-F7E3BD221365}"
EndProject
Global
	GlobalSection(SolutionConfigurationPlatforms) = preSolution
		Debug|Any CPU = Debug|Any CPU
		Release|Any CPU = Release|Any CPU
	EndGlobalSection
	GlobalSection(ProjectConfigurationPlatforms) = postSolution
		{FD95DAE2-D547-42D4-A874-F7E3BD221365}.Debug|Any CPU.ActiveCfg = Debug|Any CPU
		{FD95DAE2-D547-42D4-A874-F7E3BD221365}.Debug|Any CPU.Build.0 = Debug|Any CPU
		{FD95DAE2-D547-42D4-A874-F7E3BD221365}.Release|Any CPU.ActiveCfg = Release|Any CPU
		{FD95DAE2-D547-42D4-A874-F7E3BD221365}.Release|Any CPU.Build.0 = Release|Any CPU
	EndGlobalSection
	GlobalSection(SolutionProperties) = preSolution
		HideSolutionNode = FALSE
	EndGlobalSection
	GlobalSection(ExtensibilityGlobals) = postSolution
		SolutionGuid = {6B5FA23C-53ED-45F8-A03A-BD7AD3169C8D}
	EndGlobalSection
EndGlobal
